
Microsoft Visual Studio Solution File, Format Version 12.00
# Visual Studio Version 17
VisualStudioVersion = 17.8.34525.116
MinimumVisualStudioVersion = 10.0.40219.1
Project("{888888A0-9F3D-457C-B088-3A5042F75D52}") = "Encryption decryption", "Encryption decryption\Encryption decryption.pyproj", "{5EA32C8B-B22F-4703-9D7B-F2DAA44A41EF}"
EndProject
Global
	GlobalSection(SolutionConfigurationPlatforms) = preSolution
		Debug|Any CPU = Debug|Any CPU
		Release|Any CPU = Release|Any CPU
	EndGlobalSection
	GlobalSection(ProjectConfigurationPlatforms) = postSolution
		{5EA32C8B-B22F-4703-9D7B-F2DAA44A41EF}.Debug|Any CPU.ActiveCfg = Debug|Any CPU
		{5EA32C8B-B22F-4703-9D7B-F2DAA44A41EF}.Release|Any CPU.ActiveCfg = Release|Any CPU
	EndGlobalSection
	GlobalSection(SolutionProperties) = preSolution
		HideSolutionNode = FALSE
	EndGlobalSection
	GlobalSection(ExtensibilityGlobals) = postSolution
		SolutionGuid = {E489CED4-4345-4D96-85F4-636389174567}
	EndGlobalSection
EndGlobal
